// !$*UTF8*$!
{
	archiveVersion = 1;
	classes = {
	};
	objectVersion = 46;
	objects = {

/* Begin PBXBuildFile section */
		09D5830E1AC44A6A0007C22B /* empty.png in Resources */ = {isa = PBXBuildFile; fileRef = 09D5830D1AC44A6A0007C22B /* empty.png */; };
		09DAD29E1AC1C75A00EAD155 /* hashtag2.png in Resources */ = {isa = PBXBuildFile; fileRef = 09DAD29D1AC1C75A00EAD155 /* hashtag2.png */; };
		4430EEC31AC19D3C001A35A1 /* ElementsView.m in Sources */ = {isa = PBXBuildFile; fileRef = 4430EEC21AC19D3C001A35A1 /* ElementsView.m */; };
		4430EEC51AC19F46001A35A1 /* imageX.png in Resources */ = {isa = PBXBuildFile; fileRef = 4430EEC41AC19F46001A35A1 /* imageX.png */; };
		4430EEC71AC1AA7D001A35A1 /* imageO.png in Resources */ = {isa = PBXBuildFile; fileRef = 4430EEC61AC1AA7D001A35A1 /* imageO.png */; };
		44511B331AC07F91008CB29E /* ElementsViewController.m in Sources */ = {isa = PBXBuildFile; fileRef = 44511B311AC07F91008CB29E /* ElementsViewController.m */; };
		44511B341AC07F91008CB29E /* ElementsViewController.xib in Resources */ = {isa = PBXBuildFile; fileRef = 44511B321AC07F91008CB29E /* ElementsViewController.xib */; };
		44ED63BD1AC07991000F1661 /* main.m in Sources */ = {isa = PBXBuildFile; fileRef = 44ED63BC1AC07991000F1661 /* main.m */; };
		44ED63C01AC07991000F1661 /* AppDelegate.m in Sources */ = {isa = PBXBuildFile; fileRef = 44ED63BF1AC07991000F1661 /* AppDelegate.m */; };
		44ED63C21AC07991000F1661 /* Images.xcassets in Resources */ = {isa = PBXBuildFile; fileRef = 44ED63C11AC07991000F1661 /* Images.xcassets */; };
		44ED63C51AC07991000F1661 /* LaunchScreen.xib in Resources */ = {isa = PBXBuildFile; fileRef = 44ED63C31AC07991000F1661 /* LaunchScreen.xib */; };
		44ED63D11AC07991000F1661 /* Jogo_da_VelhaTests.m in Sources */ = {isa = PBXBuildFile; fileRef = 44ED63D01AC07991000F1661 /* Jogo_da_VelhaTests.m */; };
/* End PBXBuildFile section */

/* Begin PBXContainerItemProxy section */
		44ED63CB1AC07991000F1661 /* PBXContainerItemProxy */ = {
			isa = PBXContainerItemProxy;
			containerPortal = 44ED63AF1AC07991000F1661 /* Project object */;
			proxyType = 1;
			remoteGlobalIDString = 44ED63B61AC07991000F1661;
			remoteInfo = "Jogo da Velha";
		};
/* End PBXContainerItemProxy section */

/* Begin PBXFileReference section */
		09D5830D1AC44A6A0007C22B /* empty.png */ = {isa = PBXFileReference; lastKnownFileType = image.png; path = empty.png; sourceTree = "<group>"; };
		09DAD29D1AC1C75A00EAD155 /* hashtag2.png */ = {isa = PBXFileReference; lastKnownFileType = image.png; path = hashtag2.png; sourceTree = "<group>"; };
		4430EEC11AC19D3C001A35A1 /* ElementsView.h */ = {isa = PBXFileReference; fileEncoding = 4; lastKnownFileType = sourcecode.c.h; path = ElementsView.h; sourceTree = "<group>"; };
		4430EEC21AC19D3C001A35A1 /* ElementsView.m */ = {isa = PBXFileReference; fileEncoding = 4; lastKnownFileType = sourcecode.c.objc; path = ElementsView.m; sourceTree = "<group>"; };
		4430EEC41AC19F46001A35A1 /* imageX.png */ = {isa = PBXFileReference; lastKnownFileType = image.png; path = imageX.png; sourceTree = "<group>"; };
		4430EEC61AC1AA7D001A35A1 /* imageO.png */ = {isa = PBXFileReference; lastKnownFileType = image.png; path = imageO.png; sourceTree = "<group>"; };
		44511B301AC07F91008CB29E /* ElementsViewController.h */ = {isa = PBXFileReference; fileEncoding = 4; lastKnownFileType = sourcecode.c.h; path = ElementsViewController.h; sourceTree = "<group>"; };
		44511B311AC07F91008CB29E /* ElementsViewController.m */ = {isa = PBXFileReference; fileEncoding = 4; lastKnownFileType = sourcecode.c.objc; path = ElementsViewController.m; sourceTree = "<group>"; };
		44511B321AC07F91008CB29E /* ElementsViewController.xib */ = {isa = PBXFileReference; fileEncoding = 4; lastKnownFileType = file.xib; path = ElementsViewController.xib; sourceTree = "<group>"; };
		44ED63B71AC07991000F1661 /* Jogo da Velha.app */ = {isa = PBXFileReference; explicitFileType = wrapper.application; includeInIndex = 0; path = "Jogo da Velha.app"; sourceTree = BUILT_PRODUCTS_DIR; };
		44ED63BB1AC07991000F1661 /* Info.plist */ = {isa = PBXFileReference; lastKnownFileType = text.plist.xml; path = Info.plist; sourceTree = "<group>"; };
		44ED63BC1AC07991000F1661 /* main.m */ = {isa = PBXFileReference; lastKnownFileType = sourcecode.c.objc; path = main.m; sourceTree = "<group>"; };
		44ED63BE1AC07991000F1661 /* AppDelegate.h */ = {isa = PBXFileReference; lastKnownFileType = sourcecode.c.h; path = AppDelegate.h; sourceTree = "<group>"; };
		44ED63BF1AC07991000F1661 /* AppDelegate.m */ = {isa = PBXFileReference; lastKnownFileType = sourcecode.c.objc; path = AppDelegate.m; sourceTree = "<group>"; };
		44ED63C11AC07991000F1661 /* Images.xcassets */ = {isa = PBXFileReference; lastKnownFileType = folder.assetcatalog; path = Images.xcassets; sourceTree = "<group>"; };
		44ED63C41AC07991000F1661 /* Base */ = {isa = PBXFileReference; lastKnownFileType = file.xib; name = Base; path = Base.lproj/LaunchScreen.xib; sourceTree = "<group>"; };
		44ED63CA1AC07991000F1661 /* Jogo da VelhaTests.xctest */ = {isa = PBXFileReference; explicitFileType = wrapper.cfbundle; includeInIndex = 0; path = "Jogo da VelhaTests.xctest"; sourceTree = BUILT_PRODUCTS_DIR; };
		44ED63CF1AC07991000F1661 /* Info.plist */ = {isa = PBXFileReference; lastKnownFileType = text.plist.xml; path = Info.plist; sourceTree = "<group>"; };
		44ED63D01AC07991000F1661 /* Jogo_da_VelhaTests.m */ = {isa = PBXFileReference; lastKnownFileType = sourcecode.c.objc; path = Jogo_da_VelhaTests.m; sourceTree = "<group>"; };
/* End PBXFileReference section */

/* Begin PBXFrameworksBuildPhase section */
		44ED63B41AC07991000F1661 /* Frameworks */ = {
			isa = PBXFrameworksBuildPhase;
			buildActionMask = 2147483647;
			files = (
			);
			runOnlyForDeploymentPostprocessing = 0;
		};
		44ED63C71AC07991000F1661 /* Frameworks */ = {
			isa = PBXFrameworksBuildPhase;
			buildActionMask = 2147483647;
			files = (
			);
			runOnlyForDeploymentPostprocessing = 0;
		};
/* End PBXFrameworksBuildPhase section */

/* Begin PBXGroup section */
		44ED63AE1AC07991000F1661 = {
			isa = PBXGroup;
			children = (
				4430EEC11AC19D3C001A35A1 /* ElementsView.h */,
				4430EEC21AC19D3C001A35A1 /* ElementsView.m */,
				44ED63B91AC07991000F1661 /* Jogo da Velha */,
				44ED63CD1AC07991000F1661 /* Jogo da VelhaTests */,
				44ED63B81AC07991000F1661 /* Products */,
			);
			sourceTree = "<group>";
		};
		44ED63B81AC07991000F1661 /* Products */ = {
			isa = PBXGroup;
			children = (
				44ED63B71AC07991000F1661 /* Jogo da Velha.app */,
				44ED63CA1AC07991000F1661 /* Jogo da VelhaTests.xctest */,
			);
			name = Products;
			sourceTree = "<group>";
		};
		44ED63B91AC07991000F1661 /* Jogo da Velha */ = {
			isa = PBXGroup;
			children = (
				4430EEC61AC1AA7D001A35A1 /* imageO.png */,
				09DAD29D1AC1C75A00EAD155 /* hashtag2.png */,
				09D5830D1AC44A6A0007C22B /* empty.png */,
				44ED63BE1AC07991000F1661 /* AppDelegate.h */,
				44ED63BF1AC07991000F1661 /* AppDelegate.m */,
				4430EEC41AC19F46001A35A1 /* imageX.png */,
				44ED63C11AC07991000F1661 /* Images.xcassets */,
				44ED63C31AC07991000F1661 /* LaunchScreen.xib */,
				44ED63BA1AC07991000F1661 /* Supporting Files */,
				44511B301AC07F91008CB29E /* ElementsViewController.h */,
				44511B311AC07F91008CB29E /* ElementsViewController.m */,
				44511B321AC07F91008CB29E /* ElementsViewController.xib */,
			);
			path = "Jogo da Velha";
			sourceTree = "<group>";
		};
		44ED63BA1AC07991000F1661 /* Supporting Files */ = {
			isa = PBXGroup;
			children = (
				44ED63BB1AC07991000F1661 /* Info.plist */,
				44ED63BC1AC07991000F1661 /* main.m */,
			);
			name = "Supporting Files";
			sourceTree = "<group>";
		};
		44ED63CD1AC07991000F1661 /* Jogo da VelhaTests */ = {
			isa = PBXGroup;
			children = (
				44ED63D01AC07991000F1661 /* Jogo_da_VelhaTests.m */,
				44ED63CE1AC07991000F1661 /* Supporting Files */,
			);
			path = "Jogo da VelhaTests";
			sourceTree = "<group>";
		};
		44ED63CE1AC07991000F1661 /* Supporting Files */ = {
			isa = PBXGroup;
			children = (
				44ED63CF1AC07991000F1661 /* Info.plist */,
			);
			name = "Supporting Files";
			sourceTree = "<group>";
		};
/* End PBXGroup section */

/* Begin PBXNativeTarget section */
		44ED63B61AC07991000F1661 /* Jogo da Velha */ = {
			isa = PBXNativeTarget;
			buildConfigurationList = 44ED63D41AC07991000F1661 /* Build configuration list for PBXNativeTarget "Jogo da Velha" */;
			buildPhases = (
				44ED63B31AC07991000F1661 /* Sources */,
				44ED63B41AC07991000F1661 /* Frameworks */,
				44ED63B51AC07991000F1661 /* Resources */,
			);
			buildRules = (
			);
			dependencies = (
			);
			name = "Jogo da Velha";
			productName = "Jogo da Velha";
			productReference = 44ED63B71AC07991000F1661 /* Jogo da Velha.app */;
			productType = "com.apple.product-type.application";
		};
		44ED63C91AC07991000F1661 /* Jogo da VelhaTests */ = {
			isa = PBXNativeTarget;
			buildConfigurationList = 44ED63D71AC07991000F1661 /* Build configuration list for PBXNativeTarget "Jogo da VelhaTests" */;
			buildPhases = (
				44ED63C61AC07991000F1661 /* Sources */,
				44ED63C71AC07991000F1661 /* Frameworks */,
				44ED63C81AC07991000F1661 /* Resources */,
			);
			buildRules = (
			);
			dependencies = (
				44ED63CC1AC07991000F1661 /* PBXTargetDependency */,
			);
			name = "Jogo da VelhaTests";
			productName = "Jogo da VelhaTests";
			productReference = 44ED63CA1AC07991000F1661 /* Jogo da VelhaTests.xctest */;
			productType = "com.apple.product-type.bundle.unit-test";
		};
/* End PBXNativeTarget section */

/* Begin PBXProject section */
		44ED63AF1AC07991000F1661 /* Project object */ = {
			isa = PBXProject;
			attributes = {
				LastUpgradeCheck = 0620;
				ORGANIZATIONNAME = Senac;
				TargetAttributes = {
					44ED63B61AC07991000F1661 = {
						CreatedOnToolsVersion = 6.2;
					};
					44ED63C91AC07991000F1661 = {
						CreatedOnToolsVersion = 6.2;
						TestTargetID = 44ED63B61AC07991000F1661;
					};
				};
			};
			buildConfigurationList = 44ED63B21AC07991000F1661 /* Build configuration list for PBXProject "Jogo da Velha" */;
			compatibilityVersion = "Xcode 3.2";
			developmentRegion = English;
			hasScannedForEncodings = 0;
			knownRegions = (
				en,
				Base,
			);
			mainGroup = 44ED63AE1AC07991000F1661;
			productRefGroup = 44ED63B81AC07991000F1661 /* Products */;
			projectDirPath = "";
			projectRoot = "";
			targets = (
				44ED63B61AC07991000F1661 /* Jogo da Velha */,
				44ED63C91AC07991000F1661 /* Jogo da VelhaTests */,
			);
		};
/* End PBXProject section */

/* Begin PBXResourcesBuildPhase section */
		44ED63B51AC07991000F1661 /* Resources */ = {
			isa = PBXResourcesBuildPhase;
			buildActionMask = 2147483647;
			files = (
				4430EEC51AC19F46001A35A1 /* imageX.png in Resources */,
				4430EEC71AC1AA7D001A35A1 /* imageO.png in Resources */,
				44ED63C51AC07991000F1661 /* LaunchScreen.xib in Resources */,
				44511B341AC07F91008CB29E /* ElementsViewController.xib in Resources */,
				09D5830E1AC44A6A0007C22B /* empty.png in Resources */,
				44ED63C21AC07991000F1661 /* Images.xcassets in Resources */,
				09DAD29E1AC1C75A00EAD155 /* hashtag2.png in Resources */,
			);
			runOnlyForDeploymentPostprocessing = 0;
		};
		44ED63C81AC07991000F1661 /* Resources */ = {
			isa = PBXResourcesBuildPhase;
			buildActionMask = 2147483647;
			files = (
			);
			runOnlyForDeploymentPostprocessing = 0;
		};
/* End PBXResourcesBuildPhase section */

/* Begin PBXSourcesBuildPhase section */
		44ED63B31AC07991000F1661 /* Sources */ = {
			isa = PBXSourcesBuildPhase;
			buildActionMask = 2147483647;
			files = (
				44ED63C01AC07991000F1661 /* AppDelegate.m in Sources */,
				4430EEC31AC19D3C001A35A1 /* ElementsView.m in Sources */,
				44ED63BD1AC07991000F1661 /* main.m in Sources */,
				44511B331AC07F91008CB29E /* ElementsViewController.m in Sources */,
			);
			runOnlyForDeploymentPostprocessing = 0;
		};
		44ED63C61AC07991000F1661 /* Sources */ = {
			isa = PBXSourcesBuildPhase;
			buildActionMask = 2147483647;
			files = (
				44ED63D11AC07991000F1661 /* Jogo_da_VelhaTests.m in Sources */,
			);
			runOnlyForDeploymentPostprocessing = 0;
		};
/* End PBXSourcesBuildPhase section */

/* Begin PBXTargetDependency section */
		44ED63CC1AC07991000F1661 /* PBXTargetDependency */ = {
			isa = PBXTargetDependency;
			target = 44ED63B61AC07991000F1661 /* Jogo da Velha */;
			targetProxy = 44ED63CB1AC07991000F1661 /* PBXContainerItemProxy */;
		};
/* End PBXTargetDependency section */

/* Begin PBXVariantGroup section */
		44ED63C31AC07991000F1661 /* LaunchScreen.xib */ = {
			isa = PBXVariantGroup;
			children = (
				44ED63C41AC07991000F1661 /* Base */,
			);
			name = LaunchScreen.xib;
			sourceTree = "<group>";
		};
/* End PBXVariantGroup section */

/* Begin XCBuildConfiguration section */
		44ED63D21AC07991000F1661 /* Debug */ = {
			isa = XCBuildConfiguration;
			buildSettings = {
				ALWAYS_SEARCH_USER_PATHS = NO;
				CLANG_CXX_LANGUAGE_STANDARD = "gnu++0x";
				CLANG_CXX_LIBRARY = "libc++";
				CLANG_ENABLE_MODULES = YES;
				CLANG_ENABLE_OBJC_ARC = YES;
				CLANG_WARN_BOOL_CONVERSION = YES;
				CLANG_WARN_CONSTANT_CONVERSION = YES;
				CLANG_WARN_DIRECT_OBJC_ISA_USAGE = YES_ERROR;
				CLANG_WARN_EMPTY_BODY = YES;
				CLANG_WARN_ENUM_CONVERSION = YES;
				CLANG_WARN_INT_CONVERSION = YES;
				CLANG_WARN_OBJC_ROOT_CLASS = YES_ERROR;
				CLANG_WARN_UNREACHABLE_CODE = YES;
				CLANG_WARN__DUPLICATE_METHOD_MATCH = YES;
				"CODE_SIGN_IDENTITY[sdk=iphoneos*]" = "iPhone Developer";
				COPY_PHASE_STRIP = NO;
				ENABLE_STRICT_OBJC_MSGSEND = YES;
				GCC_C_LANGUAGE_STANDARD = gnu99;
				GCC_DYNAMIC_NO_PIC = NO;
				GCC_OPTIMIZATION_LEVEL = 0;
				GCC_PREPROCESSOR_DEFINITIONS = (
					"DEBUG=1",
					"$(inherited)",
				);
				GCC_SYMBOLS_PRIVATE_EXTERN = NO;
				GCC_WARN_64_TO_32_BIT_CONVERSION = YES;
				GCC_WARN_ABOUT_RETURN_TYPE = YES_ERROR;
				GCC_WARN_UNDECLARED_SELECTOR = YES;
				GCC_WARN_UNINITIALIZED_AUTOS = YES_AGGRESSIVE;
				GCC_WARN_UNUSED_FUNCTION = YES;
				GCC_WARN_UNUSED_VARIABLE = YES;
				IPHONEOS_DEPLOYMENT_TARGET = 8.2;
				MTL_ENABLE_DEBUG_INFO = YES;
				ONLY_ACTIVE_ARCH = YES;
				SDKROOT = iphoneos;
			};
			name = Debug;
		};
		44ED63D31AC07991000F1661 /* Release */ = {
			isa = XCBuildConfiguration;
			buildSettings = {
				ALWAYS_SEARCH_USER_PATHS = NO;
				CLANG_CXX_LANGUAGE_STANDARD = "gnu++0x";
				CLANG_CXX_LIBRARY = "libc++";
				CLANG_ENABLE_MODULES = YES;
				CLANG_ENABLE_OBJC_ARC = YES;
				CLANG_WARN_BOOL_CONVERSION = YES;
				CLANG_WARN_CONSTANT_CONVERSION = YES;
				CLANG_WARN_DIRECT_OBJC_ISA_USAGE = YES_ERROR;
				CLANG_WARN_EMPTY_BODY = YES;
				CLANG_WARN_ENUM_CONVERSION = YES;
				CLANG_WARN_INT_CONVERSION = YES;
				CLANG_WARN_OBJC_ROOT_CLASS = YES_ERROR;
				CLANG_WARN_UNREACHABLE_CODE = YES;
				CLANG_WARN__DUPLICATE_METHOD_MATCH = YES;
				"CODE_SIGN_IDENTITY[sdk=iphoneos*]" = "iPhone Developer";
				COPY_PHASE_STRIP = NO;
				ENABLE_NS_ASSERTIONS = NO;
				ENABLE_STRICT_OBJC_MSGSEND = YES;
				GCC_C_LANGUAGE_STANDARD = gnu99;
				GCC_WARN_64_TO_32_BIT_CONVERSION = YES;
				GCC_WARN_ABOUT_RETURN_TYPE = YES_ERROR;
				GCC_WARN_UNDECLARED_SELECTOR = YES;
				GCC_WARN_UNINITIALIZED_AUTOS = YES_AGGRESSIVE;
				GCC_WARN_UNUSED_FUNCTION = YES;
				GCC_WARN_UNUSED_VARIABLE = YES;
				IPHONEOS_DEPLOYMENT_TARGET = 8.2;
				MTL_ENABLE_DEBUG_INFO = NO;
				SDKROOT = iphoneos;
				VALIDATE_PRODUCT = YES;
			};
			name = Release;
		};
		44ED63D51AC07991000F1661 /* Debug */ = {
			isa = XCBuildConfiguration;
			buildSettings = {
				ASSETCATALOG_COMPILER_APPICON_NAME = AppIcon;
				INFOPLIST_FILE = "Jogo da Velha/Info.plist";
				LD_RUNPATH_SEARCH_PATHS = "$(inherited) @executable_path/Frameworks";
				PRODUCT_NAME = "$(TARGET_NAME)";
			};
			name = Debug;
		};
		44ED63D61AC07991000F1661 /* Release */ = {
			isa = XCBuildConfiguration;
			buildSettings = {
				ASSETCATALOG_COMPILER_APPICON_NAME = AppIcon;
				INFOPLIST_FILE = "Jogo da Velha/Info.plist";
				LD_RUNPATH_SEARCH_PATHS = "$(inherited) @executable_path/Frameworks";
				PRODUCT_NAME = "$(TARGET_NAME)";
			};
			name = Release;
		};
		44ED63D81AC07991000F1661 /* Debug */ = {
			isa = XCBuildConfiguration;
			buildSettings = {
				BUNDLE_LOADER = "$(TEST_HOST)";
				FRAMEWORK_SEARCH_PATHS = (
					"$(SDKROOT)/Developer/Library/Frameworks",
					"$(inherited)",
				);
				GCC_PREPROCESSOR_DEFINITIONS = (
					"DEBUG=1",
					"$(inherited)",
				);
				INFOPLIST_FILE = "Jogo da VelhaTests/Info.plist";
				LD_RUNPATH_SEARCH_PATHS = "$(inherited) @executable_path/Frameworks @loader_path/Frameworks";
				PRODUCT_NAME = "$(TARGET_NAME)";
				TEST_HOST = "$(BUILT_PRODUCTS_DIR)/Jogo da Velha.app/Jogo da Velha";
			};
			name = Debug;
		};
		44ED63D91AC07991000F1661 /* Release */ = {
			isa = XCBuildConfiguration;
			buildSettings = {
				BUNDLE_LOADER = "$(TEST_HOST)";
				FRAMEWORK_SEARCH_PATHS = (
					"$(SDKROOT)/Developer/Library/Frameworks",
					"$(inherited)",
				);
				INFOPLIST_FILE = "Jogo da VelhaTests/Info.plist";
				LD_RUNPATH_SEARCH_PATHS = "$(inherited) @executable_path/Frameworks @loader_path/Frameworks";
				PRODUCT_NAME = "$(TARGET_NAME)";
				TEST_HOST = "$(BUILT_PRODUCTS_DIR)/Jogo da Velha.app/Jogo da Velha";
			};
			name = Release;
		};
/* End XCBuildConfiguration section */

/* Begin XCConfigurationList section */
		44ED63B21AC07991000F1661 /* Build configuration list for PBXProject "Jogo da Velha" */ = {
			isa = XCConfigurationList;
			buildConfigurations = (
				44ED63D21AC07991000F1661 /* Debug */,
				44ED63D31AC07991000F1661 /* Release */,
			);
			defaultConfigurationIsVisible = 0;
			defaultConfigurationName = Release;
		};
		44ED63D41AC07991000F1661 /* Build configuration list for PBXNativeTarget "Jogo da Velha" */ = {
			isa = XCConfigurationList;
			buildConfigurations = (
				44ED63D51AC07991000F1661 /* Debug */,
				44ED63D61AC07991000F1661 /* Release */,
			);
			defaultConfigurationIsVisible = 0;
			defaultConfigurationName = Release;
		};
		44ED63D71AC07991000F1661 /* Build configuration list for PBXNativeTarget "Jogo da VelhaTests" */ = {
			isa = XCConfigurationList;
			buildConfigurations = (
				44ED63D81AC07991000F1661 /* Debug */,
				44ED63D91AC07991000F1661 /* Release */,
			);
			defaultConfigurationIsVisible = 0;
			defaultConfigurationName = Release;
		};
/* End XCConfigurationList section */
	};
	rootObject = 44ED63AF1AC07991000F1661 /* Project object */;
}
